hash: bd1981197a49fa27aeb30cefc9cfe3dc86fb2550cb0b441bb92ebc4b252dde61
updated: 2017-12-31T19:37:41.799874356+01:00
imports:
- name: github.com/gfleury/go-bitbucket-v1
  version: fa8ce9c2a0e746540475f78710635a0d474c7581
- name: github.com/golang/protobuf
  version: 655cdfa588ea190e901bc5590e65d5621688847c
  subpackages:
  - proto
- name: github.com/google/go-github
  version: fc3c57184028a80ff3979d912cdaf5f08887f98a
  subpackages:
  - github
- name: github.com/google/go-querystring
  version: 53e6ce116135b80d037921a7fdd5138cf32d7a8a
  subpackages:
  - query
- name: github.com/gorilla/handlers
  version: 90663712d74cb411cbef281bc1e08c19d1a76145
- name: github.com/hackebrot/go-librariesio
  version: 20a272f9cba629293b02fa41705ab740cba2411a
  subpackages:
  - librariesio
- name: github.com/orijtech/arxiv
  version: 44aca911cb673a0187ec0a9fc6049dcc80c68183
  subpackages:
  - v1
- name: github.com/orijtech/otils
  version: 2369a11e3b261765cd468491c47f8af1f41f54c3
- name: github.com/sniperkit/httpcache
  version: 2f1e84dc232f96bf26d6759fc26e32a272e01031
  subpackages:
  - pkg
- name: github.com/xanzy/go-gitlab
  version: ec65bc7934094df33cb05d541a4ffadcd1f64861
- name: golang.org/x/net
  version: e45385e9b226f570b1f086bf287b25d3d4117776
  subpackages:
  - context
  - context/ctxhttp
- name: golang.org/x/oauth2
  version: 197281d4e0ecd78c33865daf9c6e51626feefcb2
  subpackages:
  - internal
- name: golang.org/x/tools
  version: f271d7a0f8cf389f3ee4f6bf8d68e716a60ea571
  subpackages:
  - blog/atom
- name: google.golang.org/appengine
  version: 5bee14b453b4c71be47ec1781b0fa61c2ea182db
  subpackages:
  - internal
  - internal/base
  - internal/datastore
  - internal/log
  - internal/remote_api
  - internal/urlfetch
  - urlfetch
testImports: []
